
Microsoft Visual Studio Solution File, Format Version 12.00
# Visual Studio Version 17
VisualStudioVersion = 17.1.32414.318
MinimumVisualStudioVersion = 10.0.40219.1
Project("{F184B08F-C81C-45F6-A57F-5ABD9991F28F}") = "Labo4", "Labo4\Labo4.vbproj", "{68A213C7-3C92-4D46-A52A-5140A600844F}"
EndProject
Global
	GlobalSection(SolutionConfigurationPlatforms) = preSolution
		Debug|Any CPU = Debug|Any CPU
		Release|Any CPU = Release|Any CPU
	EndGlobalSection
	GlobalSection(ProjectConfigurationPlatforms) = postSolution
		{68A213C7-3C92-4D46-A52A-5140A600844F}.Debug|Any CPU.ActiveCfg = Debug|Any CPU
		{68A213C7-3C92-4D46-A52A-5140A600844F}.Debug|Any CPU.Build.0 = Debug|Any CPU
		{68A213C7-3C92-4D46-A52A-5140A600844F}.Release|Any CPU.ActiveCfg = Release|Any CPU
		{68A213C7-3C92-4D46-A52A-5140A600844F}.Release|Any CPU.Build.0 = Release|Any CPU
	EndGlobalSection
	GlobalSection(SolutionProperties) = preSolution
		HideSolutionNode = FALSE
	EndGlobalSection
	GlobalSection(ExtensibilityGlobals) = postSolution
		SolutionGuid = {5EF933BD-76C5-49C5-9240-86FDD33079A1}
	EndGlobalSection
EndGlobal
